
Microsoft Visual Studio Solution File, Format Version 12.00
# Visual Studio 14
VisualStudioVersion = 14.0.25420.1
MinimumVisualStudioVersion = 10.0.40219.1
Project("{FAE04EC0-301F-11D3-BF4B-00C04F79EFBC}") = "Mickey.ThinkingInDoNet", "Mickey.ThinkingInDoNet\Mickey.ThinkingInDoNet.csproj", "{DC3AE362-88AE-495B-BFBB-BCBEAE83F7B4}"
EndProject
Project("{FAE04EC0-301F-11D3-BF4B-00C04F79EFBC}") = "Mickey.DependencyInjection", "Mickey.DependencyInjection\Mickey.DependencyInjection.csproj", "{EFC5CD45-863C-4842-A895-B23A02D3DC26}"
EndProject
Project("{FAE04EC0-301F-11D3-BF4B-00C04F79EFBC}") = "Mickey.DependencyInjection.Interceptor", "Mickey.DependencyInjection.Interceptor\Mickey.DependencyInjection.Interceptor.csproj", "{A1BB32B0-7ACF-4349-84D2-6C277BCC560B}"
EndProject
Project("{FAE04EC0-301F-11D3-BF4B-00C04F79EFBC}") = "CodeFirstExistingDatabaseSample", "CodeFirstExistingDatabaseSample\CodeFirstExistingDatabaseSample.csproj", "{EBE224C7-E5AA-42F4-AC4F-B4008D5B4F1B}"
EndProject
Project("{FAE04EC0-301F-11D3-BF4B-00C04F79EFBC}") = "CodeFirstModels", "CodeFirstModels\CodeFirstModels.csproj", "{7587513A-F379-4B29-AEE9-0CD056B7220F}"
EndProject
Project("{FAE04EC0-301F-11D3-BF4B-00C04F79EFBC}") = "CodeFirstNewDatabaseSample", "CodeFirstNewDatabaseSample\CodeFirstNewDatabaseSample.csproj", "{3918955B-4583-40D6-A8E3-9FB93D74CF8E}"
EndProject
Project("{FAE04EC0-301F-11D3-BF4B-00C04F79EFBC}") = "InMemorySample", "InMemorySample\InMemorySample.csproj", "{9FC6C78F-81E7-46D1-BCFA-3C217B9F424B}"
EndProject
Project("{2150E333-8FDC-42A3-9474-1A3956D46DE8}") = "EntityFramework", "EntityFramework", "{4C9F32DB-9882-4772-B222-0FDEFE219D83}"
EndProject
Project("{FAE04EC0-301F-11D3-BF4B-00C04F79EFBC}") = "MySqlSample", "MySqlSample\MySqlSample.csproj", "{9B0F2EED-F490-4556-970A-F60F9FB0B04B}"
EndProject
Project("{2150E333-8FDC-42A3-9474-1A3956D46DE8}") = "DependencyInjection", "DependencyInjection", "{9AE469CB-8E90-44CB-BECA-959B6A977A04}"
EndProject
Project("{FAE04EC0-301F-11D3-BF4B-00C04F79EFBC}") = "TransactionSample", "TransactionSample\TransactionSample.csproj", "{F0FBC93B-C236-4648-82DB-D1462F5F4BA4}"
EndProject
Project("{2150E333-8FDC-42A3-9474-1A3956D46DE8}") = "JieBa", "JieBa", "{FA675232-F694-4A32-AE84-FD492DF6B770}"
EndProject
Project("{FAE04EC0-301F-11D3-BF4B-00C04F79EFBC}") = "Mickey.JieBa", "Mickey.JieBa\Mickey.JieBa.csproj", "{B9967548-BD86-4ED2-8C0C-19B742075582}"
EndProject
Project("{2150E333-8FDC-42A3-9474-1A3956D46DE8}") = "OWIN", "OWIN", "{4C1DE841-192C-4798-BB86-929AB6858596}"
EndProject
Project("{FAE04EC0-301F-11D3-BF4B-00C04F79EFBC}") = "Mickey.OAuth2.MvcAuth", "Mickey.OAuth2.MvcAuth\Mickey.OAuth2.MvcAuth.csproj", "{B5886575-8BA1-4C90-B93E-64DC2D4AAD03}"
EndProject
Project("{FAE04EC0-301F-11D3-BF4B-00C04F79EFBC}") = "Mickey.Owin.Security.QQ", "Mickey.Owin.Security.QQ\Mickey.Owin.Security.QQ\Mickey.Owin.Security.QQ.csproj", "{EE61C605-5C5A-4CFC-8E7B-FEEAD7979389}"
EndProject
Project("{FAE04EC0-301F-11D3-BF4B-00C04F79EFBC}") = "Mickey.OwinTest", "Mickey.OwinTest\Mickey.OwinTest.csproj", "{F3A7ADDF-3072-4B84-A759-9EDD22AAE30B}"
EndProject
Project("{FAE04EC0-301F-11D3-BF4B-00C04F79EFBC}") = "Mickey.Owin.Security.Protal", "Mickey.Owin.Security.Protal\Mickey.Owin.Security.Protal.csproj", "{DD388015-D760-464D-9241-C1F089AB58D8}"
EndProject
Project("{2150E333-8FDC-42A3-9474-1A3956D46DE8}") = "UintTest", "UintTest", "{42532934-A8C2-4DD3-A3E8-CD7E9D79F8B8}"
EndProject
Project("{FAE04EC0-301F-11D3-BF4B-00C04F79EFBC}") = "MyFirstUnitTests", "MyFirstUnitTests\MyFirstUnitTests.csproj", "{D1BB5E46-4EDC-44EE-8746-6CEB198BE019}"
EndProject
Project("{2150E333-8FDC-42A3-9474-1A3956D46DE8}") = "Core", "Core", "{206DF802-6A49-4B0A-BA27-C6CC3B0D9CF3}"
EndProject
Project("{FAE04EC0-301F-11D3-BF4B-00C04F79EFBC}") = "Mickey.Core", "Mickey.Core\Mickey.Core.csproj", "{D0DBAA5E-82EC-4DB2-BC9E-20BE132813DE}"
EndProject
Project("{FAE04EC0-301F-11D3-BF4B-00C04F79EFBC}") = "Mickey.EntityFramework", "Mickey.EntityFramework\Mickey.EntityFramework.csproj", "{872AA3ED-F3ED-49E3-9E59-0A8C423C860C}"
EndProject
Project("{FAE04EC0-301F-11D3-BF4B-00C04F79EFBC}") = "Mickey.EntityFramework.Tests", "Mickey.EntityFramework.Tests\Mickey.EntityFramework.Tests.csproj", "{40F40317-4C41-4441-BAC9-4873F127D1E3}"
EndProject
Project("{FAE04EC0-301F-11D3-BF4B-00C04F79EFBC}") = "Mickey.Web", "Mickey.Web\Mickey.Web.csproj", "{843FFED8-1484-4392-A419-8E09CEEA3B09}"
EndProject
Project("{FAE04EC0-301F-11D3-BF4B-00C04F79EFBC}") = "Mickey.Web.Test", "Mickey.Web.Test\Mickey.Web.Test.csproj", "{D9E2450D-7B00-41B1-954F-55F53E7ECD56}"
EndProject
Project("{FAE04EC0-301F-11D3-BF4B-00C04F79EFBC}") = "Mickey.Web.Test.Core", "Mickey.Web.Test.Core\Mickey.Web.Test.Core.csproj", "{29831F7E-20D2-4AF3-A140-7F98E88A438A}"
EndProject
Project("{2150E333-8FDC-42A3-9474-1A3956D46DE8}") = "Identity", "Identity", "{1B030D91-E9E9-4093-BFFE-2EBE5C65A201}"
EndProject
Project("{FAE04EC0-301F-11D3-BF4B-00C04F79EFBC}") = "Mickey.IdentityTest", "Mickey.IdentityTest\Mickey.IdentityTest.csproj", "{739ACB68-D3B1-4AC1-AEC3-D593132F87FB}"
EndProject
Project("{FAE04EC0-301F-11D3-BF4B-00C04F79EFBC}") = "Mickey.IdentityTest.Core", "Mickey.IdentityTest.Core\Mickey.IdentityTest.Core.csproj", "{42FEFF5F-F7E8-42EC-AEF0-0F0C3C055D66}"
EndProject
Project("{2150E333-8FDC-42A3-9474-1A3956D46DE8}") = "Chloe", "Chloe", "{7F529CD0-A73E-4EEB-8296-2E79C888C384}"
EndProject
Project("{FAE04EC0-301F-11D3-BF4B-00C04F79EFBC}") = "Mickey.ChloeTest", "Mickey.ChloeTest\Mickey.ChloeTest.csproj", "{D566173A-83E7-429E-966E-ED9F853CA02F}"
EndProject
Project("{2150E333-8FDC-42A3-9474-1A3956D46DE8}") = "Log", "Log", "{69895E1A-6864-4BC7-8C55-BD27FCFFABA8}"
EndProject
Project("{FAE04EC0-301F-11D3-BF4B-00C04F79EFBC}") = "log4netTutorial", "log4netTutorial\log4netTutorial.csproj", "{679763FF-F523-44CF-9980-745BD3E26707}"
EndProject
Project("{FAE04EC0-301F-11D3-BF4B-00C04F79EFBC}") = "Mickey.Log4net", "Mickey.Log4net\Mickey.Log4net.csproj", "{A3AD197E-431B-41FC-9782-080DBD9A5F7C}"
EndProject
Project("{2150E333-8FDC-42A3-9474-1A3956D46DE8}") = "Quartz", "Quartz", "{D8C4E629-B443-4D74-9136-C2964F8FDBD6}"
EndProject
Project("{FAE04EC0-301F-11D3-BF4B-00C04F79EFBC}") = "Mickey.Quartz", "Mickey.Quartz\Mickey.Quartz.csproj", "{B4AA3350-7BDF-4C3E-A2D5-ABF650A56B49}"
EndProject
Global
	GlobalSection(SolutionConfigurationPlatforms) = preSolution
		Debug|Any CPU = Debug|Any CPU
		Release|Any CPU = Release|Any CPU
	EndGlobalSection
	GlobalSection(ProjectConfigurationPlatforms) = postSolution
		{DC3AE362-88AE-495B-BFBB-BCBEAE83F7B4}.Debug|Any CPU.ActiveCfg = Debug|Any CPU
		{DC3AE362-88AE-495B-BFBB-BCBEAE83F7B4}.Debug|Any CPU.Build.0 = Debug|Any CPU
		{DC3AE362-88AE-495B-BFBB-BCBEAE83F7B4}.Release|Any CPU.ActiveCfg = Release|Any CPU
		{DC3AE362-88AE-495B-BFBB-BCBEAE83F7B4}.Release|Any CPU.Build.0 = Release|Any CPU
		{EFC5CD45-863C-4842-A895-B23A02D3DC26}.Debug|Any CPU.ActiveCfg = Debug|Any CPU
		{EFC5CD45-863C-4842-A895-B23A02D3DC26}.Debug|Any CPU.Build.0 = Debug|Any CPU
		{EFC5CD45-863C-4842-A895-B23A02D3DC26}.Release|Any CPU.ActiveCfg = Release|Any CPU
		{EFC5CD45-863C-4842-A895-B23A02D3DC26}.Release|Any CPU.Build.0 = Release|Any CPU
		{A1BB32B0-7ACF-4349-84D2-6C277BCC560B}.Debug|Any CPU.ActiveCfg = Debug|Any CPU
		{A1BB32B0-7ACF-4349-84D2-6C277BCC560B}.Debug|Any CPU.Build.0 = Debug|Any CPU
		{A1BB32B0-7ACF-4349-84D2-6C277BCC560B}.Release|Any CPU.ActiveCfg = Release|Any CPU
		{A1BB32B0-7ACF-4349-84D2-6C277BCC560B}.Release|Any CPU.Build.0 = Release|Any CPU
		{EBE224C7-E5AA-42F4-AC4F-B4008D5B4F1B}.Debug|Any CPU.ActiveCfg = Debug|Any CPU
		{EBE224C7-E5AA-42F4-AC4F-B4008D5B4F1B}.Debug|Any CPU.Build.0 = Debug|Any CPU
		{EBE224C7-E5AA-42F4-AC4F-B4008D5B4F1B}.Release|Any CPU.ActiveCfg = Release|Any CPU
		{EBE224C7-E5AA-42F4-AC4F-B4008D5B4F1B}.Release|Any CPU.Build.0 = Release|Any CPU
		{7587513A-F379-4B29-AEE9-0CD056B7220F}.Debug|Any CPU.ActiveCfg = Debug|Any CPU
		{7587513A-F379-4B29-AEE9-0CD056B7220F}.Debug|Any CPU.Build.0 = Debug|Any CPU
		{7587513A-F379-4B29-AEE9-0CD056B7220F}.Release|Any CPU.ActiveCfg = Release|Any CPU
		{7587513A-F379-4B29-AEE9-0CD056B7220F}.Release|Any CPU.Build.0 = Release|Any CPU
		{3918955B-4583-40D6-A8E3-9FB93D74CF8E}.Debug|Any CPU.ActiveCfg = Debug|Any CPU
		{3918955B-4583-40D6-A8E3-9FB93D74CF8E}.Debug|Any CPU.Build.0 = Debug|Any CPU
		{3918955B-4583-40D6-A8E3-9FB93D74CF8E}.Release|Any CPU.ActiveCfg = Release|Any CPU
		{3918955B-4583-40D6-A8E3-9FB93D74CF8E}.Release|Any CPU.Build.0 = Release|Any CPU
		{9FC6C78F-81E7-46D1-BCFA-3C217B9F424B}.Debug|Any CPU.ActiveCfg = Debug|Any CPU
		{9FC6C78F-81E7-46D1-BCFA-3C217B9F424B}.Debug|Any CPU.Build.0 = Debug|Any CPU
		{9FC6C78F-81E7-46D1-BCFA-3C217B9F424B}.Release|Any CPU.ActiveCfg = Release|Any CPU
		{9FC6C78F-81E7-46D1-BCFA-3C217B9F424B}.Release|Any CPU.Build.0 = Release|Any CPU
		{9B0F2EED-F490-4556-970A-F60F9FB0B04B}.Debug|Any CPU.ActiveCfg = Debug|Any CPU
		{9B0F2EED-F490-4556-970A-F60F9FB0B04B}.Debug|Any CPU.Build.0 = Debug|Any CPU
		{9B0F2EED-F490-4556-970A-F60F9FB0B04B}.Release|Any CPU.ActiveCfg = Release|Any CPU
		{9B0F2EED-F490-4556-970A-F60F9FB0B04B}.Release|Any CPU.Build.0 = Release|Any CPU
		{F0FBC93B-C236-4648-82DB-D1462F5F4BA4}.Debug|Any CPU.ActiveCfg = Debug|Any CPU
		{F0FBC93B-C236-4648-82DB-D1462F5F4BA4}.Debug|Any CPU.Build.0 = Debug|Any CPU
		{F0FBC93B-C236-4648-82DB-D1462F5F4BA4}.Release|Any CPU.ActiveCfg = Release|Any CPU
		{F0FBC93B-C236-4648-82DB-D1462F5F4BA4}.Release|Any CPU.Build.0 = Release|Any CPU
		{B9967548-BD86-4ED2-8C0C-19B742075582}.Debug|Any CPU.ActiveCfg = Debug|Any CPU
		{B9967548-BD86-4ED2-8C0C-19B742075582}.Debug|Any CPU.Build.0 = Debug|Any CPU
		{B9967548-BD86-4ED2-8C0C-19B742075582}.Release|Any CPU.ActiveCfg = Release|Any CPU
		{B9967548-BD86-4ED2-8C0C-19B742075582}.Release|Any CPU.Build.0 = Release|Any CPU
		{B5886575-8BA1-4C90-B93E-64DC2D4AAD03}.Debug|Any CPU.ActiveCfg = Debug|Any CPU
		{B5886575-8BA1-4C90-B93E-64DC2D4AAD03}.Debug|Any CPU.Build.0 = Debug|Any CPU
		{B5886575-8BA1-4C90-B93E-64DC2D4AAD03}.Release|Any CPU.ActiveCfg = Release|Any CPU
		{B5886575-8BA1-4C90-B93E-64DC2D4AAD03}.Release|Any CPU.Build.0 = Release|Any CPU
		{EE61C605-5C5A-4CFC-8E7B-FEEAD7979389}.Debug|Any CPU.ActiveCfg = Debug|Any CPU
		{EE61C605-5C5A-4CFC-8E7B-FEEAD7979389}.Debug|Any CPU.Build.0 = Debug|Any CPU
		{EE61C605-5C5A-4CFC-8E7B-FEEAD7979389}.Release|Any CPU.ActiveCfg = Release|Any CPU
		{EE61C605-5C5A-4CFC-8E7B-FEEAD7979389}.Release|Any CPU.Build.0 = Release|Any CPU
		{F3A7ADDF-3072-4B84-A759-9EDD22AAE30B}.Debug|Any CPU.ActiveCfg = Debug|Any CPU
		{F3A7ADDF-3072-4B84-A759-9EDD22AAE30B}.Debug|Any CPU.Build.0 = Debug|Any CPU
		{F3A7ADDF-3072-4B84-A759-9EDD22AAE30B}.Release|Any CPU.ActiveCfg = Release|Any CPU
		{F3A7ADDF-3072-4B84-A759-9EDD22AAE30B}.Release|Any CPU.Build.0 = Release|Any CPU
		{DD388015-D760-464D-9241-C1F089AB58D8}.Debug|Any CPU.ActiveCfg = Debug|Any CPU
		{DD388015-D760-464D-9241-C1F089AB58D8}.Debug|Any CPU.Build.0 = Debug|Any CPU
		{DD388015-D760-464D-9241-C1F089AB58D8}.Release|Any CPU.ActiveCfg = Release|Any CPU
		{DD388015-D760-464D-9241-C1F089AB58D8}.Release|Any CPU.Build.0 = Release|Any CPU
		{D1BB5E46-4EDC-44EE-8746-6CEB198BE019}.Debug|Any CPU.ActiveCfg = Debug|Any CPU
		{D1BB5E46-4EDC-44EE-8746-6CEB198BE019}.Debug|Any CPU.Build.0 = Debug|Any CPU
		{D1BB5E46-4EDC-44EE-8746-6CEB198BE019}.Release|Any CPU.ActiveCfg = Release|Any CPU
		{D1BB5E46-4EDC-44EE-8746-6CEB198BE019}.Release|Any CPU.Build.0 = Release|Any CPU
		{D0DBAA5E-82EC-4DB2-BC9E-20BE132813DE}.Debug|Any CPU.ActiveCfg = Debug|Any CPU
		{D0DBAA5E-82EC-4DB2-BC9E-20BE132813DE}.Debug|Any CPU.Build.0 = Debug|Any CPU
		{D0DBAA5E-82EC-4DB2-BC9E-20BE132813DE}.Release|Any CPU.ActiveCfg = Release|Any CPU
		{D0DBAA5E-82EC-4DB2-BC9E-20BE132813DE}.Release|Any CPU.Build.0 = Release|Any CPU
		{872AA3ED-F3ED-49E3-9E59-0A8C423C860C}.Debug|Any CPU.ActiveCfg = Debug|Any CPU
		{872AA3ED-F3ED-49E3-9E59-0A8C423C860C}.Debug|Any CPU.Build.0 = Debug|Any CPU
		{872AA3ED-F3ED-49E3-9E59-0A8C423C860C}.Release|Any CPU.ActiveCfg = Release|Any CPU
		{872AA3ED-F3ED-49E3-9E59-0A8C423C860C}.Release|Any CPU.Build.0 = Release|Any CPU
		{40F40317-4C41-4441-BAC9-4873F127D1E3}.Debug|Any CPU.ActiveCfg = Debug|Any CPU
		{40F40317-4C41-4441-BAC9-4873F127D1E3}.Debug|Any CPU.Build.0 = Debug|Any CPU
		{40F40317-4C41-4441-BAC9-4873F127D1E3}.Release|Any CPU.ActiveCfg = Release|Any CPU
		{40F40317-4C41-4441-BAC9-4873F127D1E3}.Release|Any CPU.Build.0 = Release|Any CPU
		{843FFED8-1484-4392-A419-8E09CEEA3B09}.Debug|Any CPU.ActiveCfg = Debug|Any CPU
		{843FFED8-1484-4392-A419-8E09CEEA3B09}.Debug|Any CPU.Build.0 = Debug|Any CPU
		{843FFED8-1484-4392-A419-8E09CEEA3B09}.Release|Any CPU.ActiveCfg = Release|Any CPU
		{843FFED8-1484-4392-A419-8E09CEEA3B09}.Release|Any CPU.Build.0 = Release|Any CPU
		{D9E2450D-7B00-41B1-954F-55F53E7ECD56}.Debug|Any CPU.ActiveCfg = Debug|Any CPU
		{D9E2450D-7B00-41B1-954F-55F53E7ECD56}.Debug|Any CPU.Build.0 = Debug|Any CPU
		{D9E2450D-7B00-41B1-954F-55F53E7ECD56}.Release|Any CPU.ActiveCfg = Release|Any CPU
		{D9E2450D-7B00-41B1-954F-55F53E7ECD56}.Release|Any CPU.Build.0 = Release|Any CPU
		{29831F7E-20D2-4AF3-A140-7F98E88A438A}.Debug|Any CPU.ActiveCfg = Debug|Any CPU
		{29831F7E-20D2-4AF3-A140-7F98E88A438A}.Debug|Any CPU.Build.0 = Debug|Any CPU
		{29831F7E-20D2-4AF3-A140-7F98E88A438A}.Release|Any CPU.ActiveCfg = Release|Any CPU
		{29831F7E-20D2-4AF3-A140-7F98E88A438A}.Release|Any CPU.Build.0 = Release|Any CPU
		{739ACB68-D3B1-4AC1-AEC3-D593132F87FB}.Debug|Any CPU.ActiveCfg = Debug|Any CPU
		{739ACB68-D3B1-4AC1-AEC3-D593132F87FB}.Debug|Any CPU.Build.0 = Debug|Any CPU
		{739ACB68-D3B1-4AC1-AEC3-D593132F87FB}.Release|Any CPU.ActiveCfg = Release|Any CPU
		{739ACB68-D3B1-4AC1-AEC3-D593132F87FB}.Release|Any CPU.Build.0 = Release|Any CPU
		{42FEFF5F-F7E8-42EC-AEF0-0F0C3C055D66}.Debug|Any CPU.ActiveCfg = Debug|Any CPU
		{42FEFF5F-F7E8-42EC-AEF0-0F0C3C055D66}.Debug|Any CPU.Build.0 = Debug|Any CPU
		{42FEFF5F-F7E8-42EC-AEF0-0F0C3C055D66}.Release|Any CPU.ActiveCfg = Release|Any CPU
		{42FEFF5F-F7E8-42EC-AEF0-0F0C3C055D66}.Release|Any CPU.Build.0 = Release|Any CPU
		{D566173A-83E7-429E-966E-ED9F853CA02F}.Debug|Any CPU.ActiveCfg = Debug|Any CPU
		{D566173A-83E7-429E-966E-ED9F853CA02F}.Debug|Any CPU.Build.0 = Debug|Any CPU
		{D566173A-83E7-429E-966E-ED9F853CA02F}.Release|Any CPU.ActiveCfg = Release|Any CPU
		{D566173A-83E7-429E-966E-ED9F853CA02F}.Release|Any CPU.Build.0 = Release|Any CPU
		{679763FF-F523-44CF-9980-745BD3E26707}.Debug|Any CPU.ActiveCfg = Debug|Any CPU
		{679763FF-F523-44CF-9980-745BD3E26707}.Debug|Any CPU.Build.0 = Debug|Any CPU
		{679763FF-F523-44CF-9980-745BD3E26707}.Release|Any CPU.ActiveCfg = Release|Any CPU
		{679763FF-F523-44CF-9980-745BD3E26707}.Release|Any CPU.Build.0 = Release|Any CPU
		{A3AD197E-431B-41FC-9782-080DBD9A5F7C}.Debug|Any CPU.ActiveCfg = Debug|Any CPU
		{A3AD197E-431B-41FC-9782-080DBD9A5F7C}.Debug|Any CPU.Build.0 = Debug|Any CPU
		{A3AD197E-431B-41FC-9782-080DBD9A5F7C}.Release|Any CPU.ActiveCfg = Release|Any CPU
		{A3AD197E-431B-41FC-9782-080DBD9A5F7C}.Release|Any CPU.Build.0 = Release|Any CPU
		{B4AA3350-7BDF-4C3E-A2D5-ABF650A56B49}.Debug|Any CPU.ActiveCfg = Debug|Any CPU
		{B4AA3350-7BDF-4C3E-A2D5-ABF650A56B49}.Debug|Any CPU.Build.0 = Debug|Any CPU
		{B4AA3350-7BDF-4C3E-A2D5-ABF650A56B49}.Release|Any CPU.ActiveCfg = Release|Any CPU
		{B4AA3350-7BDF-4C3E-A2D5-ABF650A56B49}.Release|Any CPU.Build.0 = Release|Any CPU
	EndGlobalSection
	GlobalSection(SolutionProperties) = preSolution
		HideSolutionNode = FALSE
	EndGlobalSection
	GlobalSection(NestedProjects) = preSolution
		{EFC5CD45-863C-4842-A895-B23A02D3DC26} = {9AE469CB-8E90-44CB-BECA-959B6A977A04}
		{A1BB32B0-7ACF-4349-84D2-6C277BCC560B} = {9AE469CB-8E90-44CB-BECA-959B6A977A04}
		{EBE224C7-E5AA-42F4-AC4F-B4008D5B4F1B} = {4C9F32DB-9882-4772-B222-0FDEFE219D83}
		{7587513A-F379-4B29-AEE9-0CD056B7220F} = {4C9F32DB-9882-4772-B222-0FDEFE219D83}
		{3918955B-4583-40D6-A8E3-9FB93D74CF8E} = {4C9F32DB-9882-4772-B222-0FDEFE219D83}
		{9FC6C78F-81E7-46D1-BCFA-3C217B9F424B} = {4C9F32DB-9882-4772-B222-0FDEFE219D83}
		{9B0F2EED-F490-4556-970A-F60F9FB0B04B} = {4C9F32DB-9882-4772-B222-0FDEFE219D83}
		{F0FBC93B-C236-4648-82DB-D1462F5F4BA4} = {4C9F32DB-9882-4772-B222-0FDEFE219D83}
		{B9967548-BD86-4ED2-8C0C-19B742075582} = {FA675232-F694-4A32-AE84-FD492DF6B770}
		{B5886575-8BA1-4C90-B93E-64DC2D4AAD03} = {4C1DE841-192C-4798-BB86-929AB6858596}
		{EE61C605-5C5A-4CFC-8E7B-FEEAD7979389} = {4C1DE841-192C-4798-BB86-929AB6858596}
		{F3A7ADDF-3072-4B84-A759-9EDD22AAE30B} = {4C1DE841-192C-4798-BB86-929AB6858596}
		{DD388015-D760-464D-9241-C1F089AB58D8} = {4C1DE841-192C-4798-BB86-929AB6858596}
		{D1BB5E46-4EDC-44EE-8746-6CEB198BE019} = {42532934-A8C2-4DD3-A3E8-CD7E9D79F8B8}
		{D0DBAA5E-82EC-4DB2-BC9E-20BE132813DE} = {206DF802-6A49-4B0A-BA27-C6CC3B0D9CF3}
		{872AA3ED-F3ED-49E3-9E59-0A8C423C860C} = {206DF802-6A49-4B0A-BA27-C6CC3B0D9CF3}
		{40F40317-4C41-4441-BAC9-4873F127D1E3} = {206DF802-6A49-4B0A-BA27-C6CC3B0D9CF3}
		{843FFED8-1484-4392-A419-8E09CEEA3B09} = {206DF802-6A49-4B0A-BA27-C6CC3B0D9CF3}
		{D9E2450D-7B00-41B1-954F-55F53E7ECD56} = {206DF802-6A49-4B0A-BA27-C6CC3B0D9CF3}
		{29831F7E-20D2-4AF3-A140-7F98E88A438A} = {206DF802-6A49-4B0A-BA27-C6CC3B0D9CF3}
		{739ACB68-D3B1-4AC1-AEC3-D593132F87FB} = {1B030D91-E9E9-4093-BFFE-2EBE5C65A201}
		{42FEFF5F-F7E8-42EC-AEF0-0F0C3C055D66} = {1B030D91-E9E9-4093-BFFE-2EBE5C65A201}
		{D566173A-83E7-429E-966E-ED9F853CA02F} = {7F529CD0-A73E-4EEB-8296-2E79C888C384}
		{679763FF-F523-44CF-9980-745BD3E26707} = {69895E1A-6864-4BC7-8C55-BD27FCFFABA8}
		{A3AD197E-431B-41FC-9782-080DBD9A5F7C} = {69895E1A-6864-4BC7-8C55-BD27FCFFABA8}
		{B4AA3350-7BDF-4C3E-A2D5-ABF650A56B49} = {D8C4E629-B443-4D74-9136-C2964F8FDBD6}
	EndGlobalSection
EndGlobal
